# This file is automatically @generated by Cargo.
# It is not intended for manual editing.
version = 4

[[package]]
name = "ws-dashboard-core"
version = "0.1.0"

[[package]]
name = "ws-dashboard-daemon"
version = "0.1.0"
dependencies = [
 "ws-dashboard-core",
 "ws-dashboard-harness-core",
]

[[package]]
name = "ws-dashboard-harness-cli"
version = "0.1.0"
dependencies = [
 "ws-dashboard-harness-core",
]

[[package]]
name = "ws-dashboard-harness-core"
version = "0.1.0"
dependencies = [
 "ws-dashboard-core",
]
